// !$*UTF8*$!
{
	archiveVersion = 1;
	classes = {
	};
	objectVersion = 56;
	objects = {

/* Begin PBXBuildFile section */
		DA0775FC2A1299DA00A7C36B /* TelegramClient.swift in Sources */ = {isa = PBXBuildFile; fileRef = DA0775FB2A1299DA00A7C36B /* TelegramClient.swift */; };
		DA0775FE2A1299FD00A7C36B /* swift-telegram-messages.py in Resources */ = {isa = PBXBuildFile; fileRef = DA0775FD2A1299FD00A7C36B /* swift-telegram-messages.py */; };
		DA0776042A129B0600A7C36B /* Measure.swift in Sources */ = {isa = PBXBuildFile; fileRef = DA0776032A129B0600A7C36B /* Measure.swift */; };
		DA0BC1EB2A0FE48B00C2196A /* pips in Resources */ = {isa = PBXBuildFile; fileRef = DA0BC1EA2A0FE48B00C2196A /* pips */; };
		DA2555BE2A0EE1A3001D48DC /* FlatSeekerApp.swift in Sources */ = {isa = PBXBuildFile; fileRef = DA2555BD2A0EE1A3001D48DC /* FlatSeekerApp.swift */; };
		DA2555C22A0EE1A4001D48DC /* Assets.xcassets in Resources */ = {isa = PBXBuildFile; fileRef = DA2555C12A0EE1A4001D48DC /* Assets.xcassets */; };
		DA2555C52A0EE1A4001D48DC /* Preview Assets.xcassets in Resources */ = {isa = PBXBuildFile; fileRef = DA2555C42A0EE1A4001D48DC /* Preview Assets.xcassets */; };
		DA2555D02A0EE23C001D48DC /* DetailsView.swift in Sources */ = {isa = PBXBuildFile; fileRef = DA2555CF2A0EE23C001D48DC /* DetailsView.swift */; };
		DA3DA4342A168AEC008F0C5A /* CarouselView.swift in Sources */ = {isa = PBXBuildFile; fileRef = DA3DA4332A168AEC008F0C5A /* CarouselView.swift */; };
		DA3DA4362A168B37008F0C5A /* ListItemView.swift in Sources */ = {isa = PBXBuildFile; fileRef = DA3DA4352A168B37008F0C5A /* ListItemView.swift */; };
		DA4DD3202A1A5996001B681A /* CoreDataPublisher.swift in Sources */ = {isa = PBXBuildFile; fileRef = DA4DD31F2A1A5996001B681A /* CoreDataPublisher.swift */; };
		DA4DD3232A1A5B29001B681A /* Model.xcdatamodeld in Sources */ = {isa = PBXBuildFile; fileRef = DA4DD3212A1A5B29001B681A /* Model.xcdatamodeld */; };
		DA4DD3252A1A5B57001B681A /* PostDTO.swift in Sources */ = {isa = PBXBuildFile; fileRef = DA4DD3242A1A5B57001B681A /* PostDTO.swift */; };
		DA4DD3272A1A5C6F001B681A /* DataController.swift in Sources */ = {isa = PBXBuildFile; fileRef = DA4DD3262A1A5C6F001B681A /* DataController.swift */; };
		DA4DD32A2A1AA46A001B681A /* Post.swift in Sources */ = {isa = PBXBuildFile; fileRef = DA4DD3282A1AA46A001B681A /* Post.swift */; };
		DA6170212A152AFF00F616F0 /* ListView.swift in Sources */ = {isa = PBXBuildFile; fileRef = DA6170202A152AFF00F616F0 /* ListView.swift */; };
		DA7387242A182973006914F1 /* PostsRepository.swift in Sources */ = {isa = PBXBuildFile; fileRef = DA7387232A182973006914F1 /* PostsRepository.swift */; };
		DA7387262A18314F006914F1 /* String+capitalizedWords.swift in Sources */ = {isa = PBXBuildFile; fileRef = DA7387252A18314F006914F1 /* String+capitalizedWords.swift */; };
		DA7387292A1832FB006914F1 /* PythonRuntime in Frameworks */ = {isa = PBXBuildFile; productRef = DA7387282A1832FB006914F1 /* PythonRuntime */; };
		DA73872D2A18410A006914F1 /* DistrictParser.swift in Sources */ = {isa = PBXBuildFile; fileRef = DA73872C2A18410A006914F1 /* DistrictParser.swift */; };
		DA73872F2A1843D0006914F1 /* PriceParser.swift in Sources */ = {isa = PBXBuildFile; fileRef = DA73872E2A1843D0006914F1 /* PriceParser.swift */; };
		DA82CDB62A0FDE0C00E4E228 /* python-stdlib in Resources */ = {isa = PBXBuildFile; fileRef = DA82CDB52A0FDE0C00E4E228 /* python-stdlib */; };
		DAC7E5BE2A103E9000540B0C /* AppDelegate.swift in Sources */ = {isa = PBXBuildFile; fileRef = DAC7E5BD2A103E9000540B0C /* AppDelegate.swift */; };
		DADA3CF72A17AA700006F740 /* PhotoURLFetcher.swift in Sources */ = {isa = PBXBuildFile; fileRef = DADA3CF62A17AA700006F740 /* PhotoURLFetcher.swift */; };
		DADA3CF92A17B84C0006F740 /* URLSession+utf8String.swift in Sources */ = {isa = PBXBuildFile; fileRef = DADA3CF82A17B84C0006F740 /* URLSession+utf8String.swift */; };
/* End PBXBuildFile section */

/* Begin PBXFileReference section */
		DA0775FB2A1299DA00A7C36B /* TelegramClient.swift */ = {isa = PBXFileReference; lastKnownFileType = sourcecode.swift; path = TelegramClient.swift; sourceTree = "<group>"; };
		DA0775FD2A1299FD00A7C36B /* swift-telegram-messages.py */ = {isa = PBXFileReference; lastKnownFileType = text.script.python; path = "swift-telegram-messages.py"; sourceTree = "<group>"; };
		DA0776032A129B0600A7C36B /* Measure.swift */ = {isa = PBXFileReference; lastKnownFileType = sourcecode.swift; path = Measure.swift; sourceTree = "<group>"; };
		DA0BC1EA2A0FE48B00C2196A /* pips */ = {isa = PBXFileReference; lastKnownFileType = folder; path = pips; sourceTree = "<group>"; };
		DA2555BA2A0EE1A3001D48DC /* FlatSeeker.app */ = {isa = PBXFileReference; explicitFileType = wrapper.application; includeInIndex = 0; path = FlatSeeker.app; sourceTree = BUILT_PRODUCTS_DIR; };
		DA2555BD2A0EE1A3001D48DC /* FlatSeekerApp.swift */ = {isa = PBXFileReference; lastKnownFileType = sourcecode.swift; path = FlatSeekerApp.swift; sourceTree = "<group>"; };
		DA2555C12A0EE1A4001D48DC /* Assets.xcassets */ = {isa = PBXFileReference; lastKnownFileType = folder.assetcatalog; path = Assets.xcassets; sourceTree = "<group>"; };
		DA2555C42A0EE1A4001D48DC /* Preview Assets.xcassets */ = {isa = PBXFileReference; lastKnownFileType = folder.assetcatalog; path = "Preview Assets.xcassets"; sourceTree = "<group>"; };
		DA2555CF2A0EE23C001D48DC /* DetailsView.swift */ = {isa = PBXFileReference; lastKnownFileType = sourcecode.swift; path = DetailsView.swift; sourceTree = "<group>"; };
		DA3DA4332A168AEC008F0C5A /* CarouselView.swift */ = {isa = PBXFileReference; lastKnownFileType = sourcecode.swift; path = CarouselView.swift; sourceTree = "<group>"; };
		DA3DA4352A168B37008F0C5A /* ListItemView.swift */ = {isa = PBXFileReference; lastKnownFileType = sourcecode.swift; path = ListItemView.swift; sourceTree = "<group>"; };
		DA4DD31F2A1A5996001B681A /* CoreDataPublisher.swift */ = {isa = PBXFileReference; lastKnownFileType = sourcecode.swift; path = CoreDataPublisher.swift; sourceTree = "<group>"; };
		DA4DD3222A1A5B29001B681A /* Model.xcdatamodel */ = {isa = PBXFileReference; lastKnownFileType = wrapper.xcdatamodel; path = Model.xcdatamodel; sourceTree = "<group>"; };
		DA4DD3242A1A5B57001B681A /* PostDTO.swift */ = {isa = PBXFileReference; lastKnownFileType = sourcecode.swift; path = PostDTO.swift; sourceTree = "<group>"; };
		DA4DD3262A1A5C6F001B681A /* DataController.swift */ = {isa = PBXFileReference; lastKnownFileType = sourcecode.swift; path = DataController.swift; sourceTree = "<group>"; };
		DA4DD3282A1AA46A001B681A /* Post.swift */ = {isa = PBXFileReference; lastKnownFileType = sourcecode.swift; path = Post.swift; sourceTree = "<group>"; };
		DA6170202A152AFF00F616F0 /* ListView.swift */ = {isa = PBXFileReference; lastKnownFileType = sourcecode.swift; path = ListView.swift; sourceTree = "<group>"; };
		DA7387232A182973006914F1 /* PostsRepository.swift */ = {isa = PBXFileReference; lastKnownFileType = sourcecode.swift; path = PostsRepository.swift; sourceTree = "<group>"; };
		DA7387252A18314F006914F1 /* String+capitalizedWords.swift */ = {isa = PBXFileReference; lastKnownFileType = sourcecode.swift; path = "String+capitalizedWords.swift"; sourceTree = "<group>"; };
		DA73872C2A18410A006914F1 /* DistrictParser.swift */ = {isa = PBXFileReference; lastKnownFileType = sourcecode.swift; path = DistrictParser.swift; sourceTree = "<group>"; };
		DA73872E2A1843D0006914F1 /* PriceParser.swift */ = {isa = PBXFileReference; lastKnownFileType = sourcecode.swift; path = PriceParser.swift; sourceTree = "<group>"; };
		DA82CDB52A0FDE0C00E4E228 /* python-stdlib */ = {isa = PBXFileReference; lastKnownFileType = folder; path = "python-stdlib"; sourceTree = "<group>"; };
		DAC7E5BD2A103E9000540B0C /* AppDelegate.swift */ = {isa = PBXFileReference; lastKnownFileType = sourcecode.swift; path = AppDelegate.swift; sourceTree = "<group>"; };
		DADA3CF62A17AA700006F740 /* PhotoURLFetcher.swift */ = {isa = PBXFileReference; lastKnownFileType = sourcecode.swift; path = PhotoURLFetcher.swift; sourceTree = "<group>"; };
		DADA3CF82A17B84C0006F740 /* URLSession+utf8String.swift */ = {isa = PBXFileReference; lastKnownFileType = sourcecode.swift; path = "URLSession+utf8String.swift"; sourceTree = "<group>"; };
/* End PBXFileReference section */

/* Begin PBXFrameworksBuildPhase section */
		DA2555B72A0EE1A3001D48DC /* Frameworks */ = {
			isa = PBXFrameworksBuildPhase;
			buildActionMask = 2147483647;
			files = (
				DA7387292A1832FB006914F1 /* PythonRuntime in Frameworks */,
			);
			runOnlyForDeploymentPostprocessing = 0;
		};
/* End PBXFrameworksBuildPhase section */

/* Begin PBXGroup section */
		DA0775F92A1299C400A7C36B /* Modules */ = {
			isa = PBXGroup;
			children = (
				DA61701F2A152AF700F616F0 /* List */,
				DA2555CE2A0EE227001D48DC /* Details */,
				DA3DA4322A168ADE008F0C5A /* Carousel */,
			);
			path = Modules;
			sourceTree = "<group>";
		};
		DA0775FA2A1299CC00A7C36B /* Services */ = {
			isa = PBXGroup;
			children = (
				DA4DD32C2A1AA4B3001B681A /* Persistance */,
				DA0775FB2A1299DA00A7C36B /* TelegramClient.swift */,
				DADA3CF62A17AA700006F740 /* PhotoURLFetcher.swift */,
				DA73872C2A18410A006914F1 /* DistrictParser.swift */,
				DA73872E2A1843D0006914F1 /* PriceParser.swift */,
			);
			path = Services;
			sourceTree = "<group>";
		};
		DA0776022A129AF800A7C36B /* Utils */ = {
			isa = PBXGroup;
			children = (
				DA0776032A129B0600A7C36B /* Measure.swift */,
			);
			path = Utils;
			sourceTree = "<group>";
		};
		DA2555B12A0EE1A3001D48DC = {
			isa = PBXGroup;
			children = (
				DA2555BC2A0EE1A3001D48DC /* FlatSeeker */,
				DA2555BB2A0EE1A3001D48DC /* Products */,
				DA82C5E02A0FDDF900E4E228 /* Resources */,
			);
			sourceTree = "<group>";
		};
		DA2555BB2A0EE1A3001D48DC /* Products */ = {
			isa = PBXGroup;
			children = (
				DA2555BA2A0EE1A3001D48DC /* FlatSeeker.app */,
			);
			name = Products;
			sourceTree = "<group>";
		};
		DA2555BC2A0EE1A3001D48DC /* FlatSeeker */ = {
			isa = PBXGroup;
			children = (
				DA2555CD2A0EE20F001D48DC /* Sources */,
				DA2555C12A0EE1A4001D48DC /* Assets.xcassets */,
				DA2555C32A0EE1A4001D48DC /* Preview Content */,
			);
			path = FlatSeeker;
			sourceTree = "<group>";
		};
		DA2555C32A0EE1A4001D48DC /* Preview Content */ = {
			isa = PBXGroup;
			children = (
				DA2555C42A0EE1A4001D48DC /* Preview Assets.xcassets */,
			);
			path = "Preview Content";
			sourceTree = "<group>";
		};
		DA2555CD2A0EE20F001D48DC /* Sources */ = {
			isa = PBXGroup;
			children = (
				DAC7E5BD2A103E9000540B0C /* AppDelegate.swift */,
				DA2555BD2A0EE1A3001D48DC /* FlatSeekerApp.swift */,
				DA0775F92A1299C400A7C36B /* Modules */,
				DA7387222A182964006914F1 /* Repositories */,
				DA0775FA2A1299CC00A7C36B /* Services */,
				DAF105462A13FE120022303D /* Extensions */,
				DA0776022A129AF800A7C36B /* Utils */,
				DA4DD3212A1A5B29001B681A /* Model.xcdatamodeld */,
			);
			path = Sources;
			sourceTree = "<group>";
		};
		DA2555CE2A0EE227001D48DC /* Details */ = {
			isa = PBXGroup;
			children = (
				DA2555CF2A0EE23C001D48DC /* DetailsView.swift */,
			);
			path = Details;
			sourceTree = "<group>";
		};
		DA3DA4322A168ADE008F0C5A /* Carousel */ = {
			isa = PBXGroup;
			children = (
				DA3DA4332A168AEC008F0C5A /* CarouselView.swift */,
			);
			path = Carousel;
			sourceTree = "<group>";
		};
		DA4DD32C2A1AA4B3001B681A /* Persistance */ = {
			isa = PBXGroup;
			children = (
				DA4DD32D2A1AAD20001B681A /* ManagedObjects */,
				DA4DD3262A1A5C6F001B681A /* DataController.swift */,
				DA4DD31F2A1A5996001B681A /* CoreDataPublisher.swift */,
			);
			path = Persistance;
			sourceTree = "<group>";
		};
		DA4DD32D2A1AAD20001B681A /* ManagedObjects */ = {
			isa = PBXGroup;
			children = (
				DA4DD3282A1AA46A001B681A /* Post.swift */,
			);
			path = ManagedObjects;
			sourceTree = "<group>";
		};
		DA61701F2A152AF700F616F0 /* List */ = {
			isa = PBXGroup;
			children = (
				DA6170202A152AFF00F616F0 /* ListView.swift */,
				DA3DA4352A168B37008F0C5A /* ListItemView.swift */,
			);
			path = List;
			sourceTree = "<group>";
		};
		DA7387222A182964006914F1 /* Repositories */ = {
			isa = PBXGroup;
			children = (
				DA4DD3242A1A5B57001B681A /* PostDTO.swift */,
				DA7387232A182973006914F1 /* PostsRepository.swift */,
			);
			path = Repositories;
			sourceTree = "<group>";
		};
		DA82C5E02A0FDDF900E4E228 /* Resources */ = {
			isa = PBXGroup;
			children = (
				DA0775FD2A1299FD00A7C36B /* swift-telegram-messages.py */,
				DA0BC1EA2A0FE48B00C2196A /* pips */,
				DA82CDB52A0FDE0C00E4E228 /* python-stdlib */,
			);
			path = Resources;
			sourceTree = "<group>";
		};
		DAF105462A13FE120022303D /* Extensions */ = {
			isa = PBXGroup;
			children = (
				DADA3CF82A17B84C0006F740 /* URLSession+utf8String.swift */,
				DA7387252A18314F006914F1 /* String+capitalizedWords.swift */,
			);
			path = Extensions;
			sourceTree = "<group>";
		};
/* End PBXGroup section */

/* Begin PBXNativeTarget section */
		DA2555B92A0EE1A3001D48DC /* FlatSeeker */ = {
			isa = PBXNativeTarget;
			buildConfigurationList = DA2555C82A0EE1A4001D48DC /* Build configuration list for PBXNativeTarget "FlatSeeker" */;
			buildPhases = (
				DA2555B62A0EE1A3001D48DC /* Sources */,
				DA2555B72A0EE1A3001D48DC /* Frameworks */,
				DA2555B82A0EE1A3001D48DC /* Resources */,
				DA7387302A184F5A006914F1 /* Sign Python Binary Modules */,
			);
			buildRules = (
			);
			dependencies = (
			);
			name = FlatSeeker;
			packageProductDependencies = (
				DA7387282A1832FB006914F1 /* PythonRuntime */,
			);
			productName = FlatSeeker;
			productReference = DA2555BA2A0EE1A3001D48DC /* FlatSeeker.app */;
			productType = "com.apple.product-type.application";
		};
/* End PBXNativeTarget section */

/* Begin PBXProject section */
		DA2555B22A0EE1A3001D48DC /* Project object */ = {
			isa = PBXProject;
			attributes = {
				BuildIndependentTargetsInParallel = 1;
				LastSwiftUpdateCheck = 1420;
				LastUpgradeCheck = 1420;
				TargetAttributes = {
					DA2555B92A0EE1A3001D48DC = {
						CreatedOnToolsVersion = 14.2;
					};
				};
			};
			buildConfigurationList = DA2555B52A0EE1A3001D48DC /* Build configuration list for PBXProject "FlatSeeker" */;
			compatibilityVersion = "Xcode 14.0";
			developmentRegion = en;
			hasScannedForEncodings = 0;
			knownRegions = (
				en,
				Base,
			);
			mainGroup = DA2555B12A0EE1A3001D48DC;
			packageReferences = (
				DA7387272A1832FB006914F1 /* XCRemoteSwiftPackageReference "PythonRuntime" */,
			);
			productRefGroup = DA2555BB2A0EE1A3001D48DC /* Products */;
			projectDirPath = "";
			projectRoot = "";
			targets = (
				DA2555B92A0EE1A3001D48DC /* FlatSeeker */,
			);
		};
/* End PBXProject section */

/* Begin PBXResourcesBuildPhase section */
		DA2555B82A0EE1A3001D48DC /* Resources */ = {
			isa = PBXResourcesBuildPhase;
			buildActionMask = 2147483647;
			files = (
				DA0BC1EB2A0FE48B00C2196A /* pips in Resources */,
				DA2555C52A0EE1A4001D48DC /* Preview Assets.xcassets in Resources */,
				DA2555C22A0EE1A4001D48DC /* Assets.xcassets in Resources */,
				DA0775FE2A1299FD00A7C36B /* swift-telegram-messages.py in Resources */,
				DA82CDB62A0FDE0C00E4E228 /* python-stdlib in Resources */,
			);
			runOnlyForDeploymentPostprocessing = 0;
		};
/* End PBXResourcesBuildPhase section */

/* Begin PBXShellScriptBuildPhase section */
		DA7387302A184F5A006914F1 /* Sign Python Binary Modules */ = {
			isa = PBXShellScriptBuildPhase;
			buildActionMask = 8;
			files = (
			);
			inputFileListPaths = (
			);
			inputPaths = (
			);
			name = "Sign Python Binary Modules";
			outputFileListPaths = (
			);
			outputPaths = (
			);
			runOnlyForDeploymentPostprocessing = 1;
			shellPath = /bin/sh;
			shellScript = "set -e\necho \"Signing as $EXPANDED_CODE_SIGN_IDENTITY_NAME ($EXPANDED_CODE_SIGN_IDENTITY)\"\nfind \"$CODESIGNING_FOLDER_PATH/python-stdlib/lib-dynload\" -name \"*.so\" -exec /usr/bin/codesign --force --sign \"$EXPANDED_CODE_SIGN_IDENTITY\" -o runtime --timestamp=none --preserve-metadata=identifier,entitlements,flags --generate-entitlement-der {} \\;\n";
		};
/* End PBXShellScriptBuildPhase section */

/* Begin PBXSourcesBuildPhase section */
		DA2555B62A0EE1A3001D48DC /* Sources */ = {
			isa = PBXSourcesBuildPhase;
			buildActionMask = 2147483647;
			files = (
				DA3DA4362A168B37008F0C5A /* ListItemView.swift in Sources */,
				DAC7E5BE2A103E9000540B0C /* AppDelegate.swift in Sources */,
				DA3DA4342A168AEC008F0C5A /* CarouselView.swift in Sources */,
				DA7387242A182973006914F1 /* PostsRepository.swift in Sources */,
				DA4DD3252A1A5B57001B681A /* PostDTO.swift in Sources */,
				DA73872D2A18410A006914F1 /* DistrictParser.swift in Sources */,
				DA0776042A129B0600A7C36B /* Measure.swift in Sources */,
				DA73872F2A1843D0006914F1 /* PriceParser.swift in Sources */,
				DA2555D02A0EE23C001D48DC /* DetailsView.swift in Sources */,
				DADA3CF92A17B84C0006F740 /* URLSession+utf8String.swift in Sources */,
				DA0775FC2A1299DA00A7C36B /* TelegramClient.swift in Sources */,
				DA4DD3202A1A5996001B681A /* CoreDataPublisher.swift in Sources */,
				DA4DD3232A1A5B29001B681A /* Model.xcdatamodeld in Sources */,
				DA4DD3272A1A5C6F001B681A /* DataController.swift in Sources */,
				DA6170212A152AFF00F616F0 /* ListView.swift in Sources */,
				DADA3CF72A17AA700006F740 /* PhotoURLFetcher.swift in Sources */,
				DA4DD32A2A1AA46A001B681A /* Post.swift in Sources */,
				DA7387262A18314F006914F1 /* String+capitalizedWords.swift in Sources */,
				DA2555BE2A0EE1A3001D48DC /* FlatSeekerApp.swift in Sources */,
			);
			runOnlyForDeploymentPostprocessing = 0;
		};
/* End PBXSourcesBuildPhase section */

/* Begin XCBuildConfiguration section */
		DA2555C62A0EE1A4001D48DC /* Debug */ = {
			isa = XCBuildConfiguration;
			buildSettings = {
				ALWAYS_SEARCH_USER_PATHS = NO;
				CLANG_ANALYZER_NONNULL = YES;
				CLANG_ANALYZER_NUMBER_OBJECT_CONVERSION = YES_AGGRESSIVE;
				CLANG_CXX_LANGUAGE_STANDARD = "gnu++20";
				CLANG_ENABLE_MODULES = YES;
				CLANG_ENABLE_OBJC_ARC = YES;
				CLANG_ENABLE_OBJC_WEAK = YES;
				CLANG_WARN_BLOCK_CAPTURE_AUTORELEASING = YES;
				CLANG_WARN_BOOL_CONVERSION = YES;
				CLANG_WARN_COMMA = YES;
				CLANG_WARN_CONSTANT_CONVERSION = YES;
				CLANG_WARN_DEPRECATED_OBJC_IMPLEMENTATIONS = YES;
				CLANG_WARN_DIRECT_OBJC_ISA_USAGE = YES_ERROR;
				CLANG_WARN_DOCUMENTATION_COMMENTS = YES;
				CLANG_WARN_EMPTY_BODY = YES;
				CLANG_WARN_ENUM_CONVERSION = YES;
				CLANG_WARN_INFINITE_RECURSION = YES;
				CLANG_WARN_INT_CONVERSION = YES;
				CLANG_WARN_NON_LITERAL_NULL_CONVERSION = YES;
				CLANG_WARN_OBJC_IMPLICIT_RETAIN_SELF = YES;
				CLANG_WARN_OBJC_LITERAL_CONVERSION = YES;
				CLANG_WARN_OBJC_ROOT_CLASS = YES_ERROR;
				CLANG_WARN_QUOTED_INCLUDE_IN_FRAMEWORK_HEADER = YES;
				CLANG_WARN_RANGE_LOOP_ANALYSIS = YES;
				CLANG_WARN_STRICT_PROTOTYPES = YES;
				CLANG_WARN_SUSPICIOUS_MOVE = YES;
				CLANG_WARN_UNGUARDED_AVAILABILITY = YES_AGGRESSIVE;
				CLANG_WARN_UNREACHABLE_CODE = YES;
				CLANG_WARN__DUPLICATE_METHOD_MATCH = YES;
				COPY_PHASE_STRIP = NO;
				DEBUG_INFORMATION_FORMAT = dwarf;
				ENABLE_STRICT_OBJC_MSGSEND = YES;
				ENABLE_TESTABILITY = YES;
				GCC_C_LANGUAGE_STANDARD = gnu11;
				GCC_DYNAMIC_NO_PIC = NO;
				GCC_NO_COMMON_BLOCKS = YES;
				GCC_OPTIMIZATION_LEVEL = 0;
				GCC_PREPROCESSOR_DEFINITIONS = (
					"DEBUG=1",
					"$(inherited)",
				);
				GCC_WARN_64_TO_32_BIT_CONVERSION = YES;
				GCC_WARN_ABOUT_RETURN_TYPE = YES_ERROR;
				GCC_WARN_UNDECLARED_SELECTOR = YES;
				GCC_WARN_UNINITIALIZED_AUTOS = YES_AGGRESSIVE;
				GCC_WARN_UNUSED_FUNCTION = YES;
				GCC_WARN_UNUSED_VARIABLE = YES;
				IPHONEOS_DEPLOYMENT_TARGET = 16.0;
				MTL_ENABLE_DEBUG_INFO = INCLUDE_SOURCE;
				MTL_FAST_MATH = YES;
				ONLY_ACTIVE_ARCH = YES;
				SDKROOT = iphoneos;
				SWIFT_ACTIVE_COMPILATION_CONDITIONS = DEBUG;
				SWIFT_OPTIMIZATION_LEVEL = "-Onone";
			};
			name = Debug;
		};
		DA2555C72A0EE1A4001D48DC /* Release */ = {
			isa = XCBuildConfiguration;
			buildSettings = {
				ALWAYS_SEARCH_USER_PATHS = NO;
				CLANG_ANALYZER_NONNULL = YES;
				CLANG_ANALYZER_NUMBER_OBJECT_CONVERSION = YES_AGGRESSIVE;
				CLANG_CXX_LANGUAGE_STANDARD = "gnu++20";
				CLANG_ENABLE_MODULES = YES;
				CLANG_ENABLE_OBJC_ARC = YES;
				CLANG_ENABLE_OBJC_WEAK = YES;
				CLANG_WARN_BLOCK_CAPTURE_AUTORELEASING = YES;
				CLANG_WARN_BOOL_CONVERSION = YES;
				CLANG_WARN_COMMA = YES;
				CLANG_WARN_CONSTANT_CONVERSION = YES;
				CLANG_WARN_DEPRECATED_OBJC_IMPLEMENTATIONS = YES;
				CLANG_WARN_DIRECT_OBJC_ISA_USAGE = YES_ERROR;
				CLANG_WARN_DOCUMENTATION_COMMENTS = YES;
				CLANG_WARN_EMPTY_BODY = YES;
				CLANG_WARN_ENUM_CONVERSION = YES;
				CLANG_WARN_INFINITE_RECURSION = YES;
				CLANG_WARN_INT_CONVERSION = YES;
				CLANG_WARN_NON_LITERAL_NULL_CONVERSION = YES;
				CLANG_WARN_OBJC_IMPLICIT_RETAIN_SELF = YES;
				CLANG_WARN_OBJC_LITERAL_CONVERSION = YES;
				CLANG_WARN_OBJC_ROOT_CLASS = YES_ERROR;
				CLANG_WARN_QUOTED_INCLUDE_IN_FRAMEWORK_HEADER = YES;
				CLANG_WARN_RANGE_LOOP_ANALYSIS = YES;
				CLANG_WARN_STRICT_PROTOTYPES = YES;
				CLANG_WARN_SUSPICIOUS_MOVE = YES;
				CLANG_WARN_UNGUARDED_AVAILABILITY = YES_AGGRESSIVE;
				CLANG_WARN_UNREACHABLE_CODE = YES;
				CLANG_WARN__DUPLICATE_METHOD_MATCH = YES;
				COPY_PHASE_STRIP = NO;
				DEBUG_INFORMATION_FORMAT = "dwarf-with-dsym";
				ENABLE_NS_ASSERTIONS = NO;
				ENABLE_STRICT_OBJC_MSGSEND = YES;
				GCC_C_LANGUAGE_STANDARD = gnu11;
				GCC_NO_COMMON_BLOCKS = YES;
				GCC_WARN_64_TO_32_BIT_CONVERSION = YES;
				GCC_WARN_ABOUT_RETURN_TYPE = YES_ERROR;
				GCC_WARN_UNDECLARED_SELECTOR = YES;
				GCC_WARN_UNINITIALIZED_AUTOS = YES_AGGRESSIVE;
				GCC_WARN_UNUSED_FUNCTION = YES;
				GCC_WARN_UNUSED_VARIABLE = YES;
				IPHONEOS_DEPLOYMENT_TARGET = 16.0;
				MTL_ENABLE_DEBUG_INFO = NO;
				MTL_FAST_MATH = YES;
				SDKROOT = iphoneos;
				SWIFT_COMPILATION_MODE = wholemodule;
				SWIFT_OPTIMIZATION_LEVEL = "-O";
				VALIDATE_PRODUCT = YES;
			};
			name = Release;
		};
		DA2555C92A0EE1A4001D48DC /* Debug */ = {
			isa = XCBuildConfiguration;
			buildSettings = {
				ASSETCATALOG_COMPILER_APPICON_NAME = AppIcon;
				ASSETCATALOG_COMPILER_GLOBAL_ACCENT_COLOR_NAME = AccentColor;
				CODE_SIGN_STYLE = Automatic;
				CURRENT_PROJECT_VERSION = 1;
				DEVELOPMENT_ASSET_PATHS = "\"FlatSeeker/Preview Content\"";
				DEVELOPMENT_TEAM = K8U997Y7W9;
				ENABLE_PREVIEWS = YES;
				FRAMEWORK_SEARCH_PATHS = (
					"$(inherited)",
					"$(PROJECT_DIR)",
				);
				GENERATE_INFOPLIST_FILE = YES;
				INFOPLIST_KEY_UIApplicationSceneManifest_Generation = YES;
				INFOPLIST_KEY_UIApplicationSupportsIndirectInputEvents = YES;
				INFOPLIST_KEY_UILaunchScreen_Generation = YES;
				INFOPLIST_KEY_UISupportedInterfaceOrientations_iPhone = "UIInterfaceOrientationPortrait UIInterfaceOrientationLandscapeLeft UIInterfaceOrientationLandscapeRight";
				IPHONEOS_DEPLOYMENT_TARGET = 16.0;
				LD_RUNPATH_SEARCH_PATHS = (
					"$(inherited)",
					"@executable_path/Frameworks",
				);
				MARKETING_VERSION = 1.0;
				PRODUCT_BUNDLE_IDENTIFIER = com.FlatSeeker;
				PRODUCT_NAME = "$(TARGET_NAME)";
				SUPPORTED_PLATFORMS = "iphoneos iphonesimulator";
				SUPPORTS_MACCATALYST = NO;
				SWIFT_EMIT_LOC_STRINGS = YES;
				SWIFT_VERSION = 5.0;
				TARGETED_DEVICE_FAMILY = 1;
			};
			name = Debug;
		};
		DA2555CA2A0EE1A4001D48DC /* Release */ = {
			isa = XCBuildConfiguration;
			buildSettings = {
				ASSETCATALOG_COMPILER_APPICON_NAME = AppIcon;
				ASSETCATALOG_COMPILER_GLOBAL_ACCENT_COLOR_NAME = AccentColor;
				CODE_SIGN_STYLE = Automatic;
				CURRENT_PROJECT_VERSION = 1;
				DEVELOPMENT_ASSET_PATHS = "\"FlatSeeker/Preview Content\"";
				DEVELOPMENT_TEAM = K8U997Y7W9;
				ENABLE_PREVIEWS = YES;
				FRAMEWORK_SEARCH_PATHS = (
					"$(inherited)",
					"$(PROJECT_DIR)",
				);
				GENERATE_INFOPLIST_FILE = YES;
				INFOPLIST_KEY_UIApplicationSceneManifest_Generation = YES;
				INFOPLIST_KEY_UIApplicationSupportsIndirectInputEvents = YES;
				INFOPLIST_KEY_UILaunchScreen_Generation = YES;
				INFOPLIST_KEY_UISupportedInterfaceOrientations_iPhone = "UIInterfaceOrientationPortrait UIInterfaceOrientationLandscapeLeft UIInterfaceOrientationLandscapeRight";
				IPHONEOS_DEPLOYMENT_TARGET = 16.0;
				LD_RUNPATH_SEARCH_PATHS = (
					"$(inherited)",
					"@executable_path/Frameworks",
				);
				MARKETING_VERSION = 1.0;
				PRODUCT_BUNDLE_IDENTIFIER = com.FlatSeeker;
				PRODUCT_NAME = "$(TARGET_NAME)";
				SUPPORTED_PLATFORMS = "iphoneos iphonesimulator";
				SUPPORTS_MACCATALYST = NO;
				SWIFT_EMIT_LOC_STRINGS = YES;
				SWIFT_VERSION = 5.0;
				TARGETED_DEVICE_FAMILY = 1;
			};
			name = Release;
		};
/* End XCBuildConfiguration section */

/* Begin XCConfigurationList section */
		DA2555B52A0EE1A3001D48DC /* Build configuration list for PBXProject "FlatSeeker" */ = {
			isa = XCConfigurationList;
			buildConfigurations = (
				DA2555C62A0EE1A4001D48DC /* Debug */,
				DA2555C72A0EE1A4001D48DC /* Release */,
			);
			defaultConfigurationIsVisible = 0;
			defaultConfigurationName = Release;
		};
		DA2555C82A0EE1A4001D48DC /* Build configuration list for PBXNativeTarget "FlatSeeker" */ = {
			isa = XCConfigurationList;
			buildConfigurations = (
				DA2555C92A0EE1A4001D48DC /* Debug */,
				DA2555CA2A0EE1A4001D48DC /* Release */,
			);
			defaultConfigurationIsVisible = 0;
			defaultConfigurationName = Release;
		};
/* End XCConfigurationList section */

/* Begin XCRemoteSwiftPackageReference section */
		DA7387272A1832FB006914F1 /* XCRemoteSwiftPackageReference "PythonRuntime" */ = {
			isa = XCRemoteSwiftPackageReference;
			repositoryURL = "https://github.com/alekseimuraveinik/PythonRuntime.git";
			requirement = {
				kind = upToNextMajorVersion;
				minimumVersion = 1.0.0;
			};
		};
/* End XCRemoteSwiftPackageReference section */

/* Begin XCSwiftPackageProductDependency section */
		DA7387282A1832FB006914F1 /* PythonRuntime */ = {
			isa = XCSwiftPackageProductDependency;
			package = DA7387272A1832FB006914F1 /* XCRemoteSwiftPackageReference "PythonRuntime" */;
			productName = PythonRuntime;
		};
/* End XCSwiftPackageProductDependency section */

/* Begin XCVersionGroup section */
		DA4DD3212A1A5B29001B681A /* Model.xcdatamodeld */ = {
			isa = XCVersionGroup;
			children = (
				DA4DD3222A1A5B29001B681A /* Model.xcdatamodel */,
			);
			currentVersion = DA4DD3222A1A5B29001B681A /* Model.xcdatamodel */;
			path = Model.xcdatamodeld;
			sourceTree = "<group>";
			versionGroupType = wrapper.xcdatamodel;
		};
/* End XCVersionGroup section */
	};
	rootObject = DA2555B22A0EE1A3001D48DC /* Project object */;
}
