{
  "pins" : [
    {
      "identity" : "pythonkit",
      "kind" : "remoteSourceControl",
      "location" : "https://github.com/pvieito/PythonKit.git",
      "state" : {
        "revision" : "81f621d094a7c8923207efe5178f50dba1b56c39",
        "version" : "0.3.1"
      }
    },
    {
      "identity" : "pythonruntime",
      "kind" : "remoteSourceControl",
      "location" : "https://github.com/alekseimuraveinik/PythonRuntime.git",
      "state" : {
        "revision" : "524251bc637fcca4e96cc07da3b40ec39b4e2dcb",
        "version" : "1.0.1"
      }
    }
  ],
  "version" : 2
}
