{
  "pins" : [
    {
      "identity" : "pythonkit",
      "kind" : "remoteSourceControl",
      "location" : "https://github.com/pvieito/PythonKit.git",
      "state" : {
        "revision" : "81f621d094a7c8923207efe5178f50dba1b56c39",
        "version" : "0.3.1"
      }
    },
    {
      "identity" : "pythonruntime",
      "kind" : "remoteSourceControl",
      "location" : "https://github.com/alekseimuraveinik/PythonRuntime.git",
      "state" : {
        "revision" : "704b58ccfa9f4aac56ede30ca7ed57bbef8bccc7",
        "version" : "1.0.2"
      }
    }
  ],
  "version" : 2
}
